{
  "name": "Word Counter",
  "lockfileVersion": 3,
  "requires": true,
  "packages": {
    "": {
      "dependencies": {
        "cwords": "^1.0.3"
      }
    },
    "../../npm packages/count-word": {
      "name": "cwords",
      "version": "1.0.2",
      "extraneous": true,
      "license": "MIT"
    },
    "node_modules/cwords": {
      "version": "1.0.3",
      "resolved": "https://registry.npmjs.org/cwords/-/cwords-1.0.3.tgz",
      "integrity": "sha512-3SsYqIMXy3IpDtLuMva1PBT3/tJzlaxBrXWXE6XF6o08TNTxIRZvx5kMaI1elnsL1MzoWrWRa42zE67nl8+fAw=="
    }
  }
}
